<?xml version="1.0" encoding="utf-8"?>
<Project ToolsVersion="4.0" xmlns="http://schemas.microsoft.com/developer/msbuild/2003">
  <ItemGroup>
    <Filter Include="Source Files">
      <UniqueIdentifier>{d03cfa37-c2cb-4aee-a55c-4d11e7a2517c}</UniqueIdentifier>
      <Extensions>.c</Extensions>
    </Filter>
  </ItemGroup>
  <ItemGroup>
    <ClCompile Include="samples\threadpool.c">
      <Filter>Source Files</Filter>
    </ClCompile>
  </ItemGroup>
</Project>